{
  "name": "client",
  "version": "1.0.0",
  "lockfileVersion": 1,
  "requires": true,
  "dependencies": {
    "bootstrap": {
      "version": "4.3.1",
      "resolved": "https://registry.npmjs.org/bootstrap/-/bootstrap-4.3.1.tgz",
      "integrity": "sha512-rXqOmH1VilAt2DyPzluTi2blhk17bO7ef+zLLPlWvG494pDxcM234pJ8wTc/6R40UWizAIIMgxjvxZg5kmsbag=="
    },
    "codemirror": {
      "version": "5.58.2",
      "resolved": "https://registry.npmjs.org/codemirror/-/codemirror-5.58.2.tgz",
      "integrity": "sha512-K/hOh24cCwRutd1Mk3uLtjWzNISOkm4fvXiMO7LucCrqbh6aJDdtqUziim3MZUI6wOY0rvY1SlL1Ork01uMy6w=="
    },
    "split-grid": {
      "version": "1.0.9",
      "resolved": "https://registry.npmjs.org/split-grid/-/split-grid-1.0.9.tgz",
      "integrity": "sha512-D7Tgibf7ksIEZKxmAKbXb7kKFANcXRj9j2VgM097KIr146zMXErt9MIHQeEiRxL+HM7WwkJdDyPTxDDsSVUSBA=="
    }
  }
}
